
Microsoft Visual Studio Solution File, Format Version 12.00
# Visual Studio Version 16
VisualStudioVersion = 16.0.30114.105
MinimumVisualStudioVersion = 10.0.40219.1
Project("{FAE04EC0-301F-11D3-BF4B-00C04F79EFBC}") = "eds_picture_viewer", "eds_picture_viewer.csproj", "{94DA73A0-0A68-468E-A16B-11A1088D7728}"
EndProject
Global
	GlobalSection(SolutionConfigurationPlatforms) = preSolution
		Debug|Any CPU = Debug|Any CPU
		Release|Any CPU = Release|Any CPU
	EndGlobalSection
	GlobalSection(ProjectConfigurationPlatforms) = postSolution
		{94DA73A0-0A68-468E-A16B-11A1088D7728}.Debug|Any CPU.ActiveCfg = Debug|Any CPU
		{94DA73A0-0A68-468E-A16B-11A1088D7728}.Debug|Any CPU.Build.0 = Debug|Any CPU
		{94DA73A0-0A68-468E-A16B-11A1088D7728}.Release|Any CPU.ActiveCfg = Release|Any CPU
		{94DA73A0-0A68-468E-A16B-11A1088D7728}.Release|Any CPU.Build.0 = Release|Any CPU
	EndGlobalSection
	GlobalSection(SolutionProperties) = preSolution
		HideSolutionNode = FALSE
	EndGlobalSection
	GlobalSection(ExtensibilityGlobals) = postSolution
		SolutionGuid = {B1714C82-B862-49E2-84BD-79574C3F2C02}
	EndGlobalSection
EndGlobal
